
Microsoft Visual Studio Solution File, Format Version 12.00
# Visual Studio 15
VisualStudioVersion = 15.0.26430.6
MinimumVisualStudioVersion = 10.0.40219.1
Project("{FAE04EC0-301F-11D3-BF4B-00C04F79EFBC}") = "BIV.Parser.Core", "BIV.Parser.Core\BIV.Parser.Core.csproj", "{BC5DED4B-2C14-4229-91E7-B987FFB27126}"
EndProject
Project("{FAE04EC0-301F-11D3-BF4B-00C04F79EFBC}") = "BIV.Parser.App", "BIV.Parser.App\BIV.Parser.App.csproj", "{8D767113-E11D-480D-B469-D2781D1839B6}"
EndProject
Project("{2150E333-8FDC-42A3-9474-1A3956D46DE8}") = "global", "global", "{283D705E-C553-468F-BB51-25F1BE79C70C}"
	ProjectSection(SolutionItems) = preProject
		.gitignore = .gitignore
		example.biv = example.biv
		LICENSE = LICENSE
		README.md = README.md
	EndProjectSection
EndProject
Global
	GlobalSection(SolutionConfigurationPlatforms) = preSolution
		Debug|Any CPU = Debug|Any CPU
		Release|Any CPU = Release|Any CPU
	EndGlobalSection
	GlobalSection(ProjectConfigurationPlatforms) = postSolution
		{BC5DED4B-2C14-4229-91E7-B987FFB27126}.Debug|Any CPU.ActiveCfg = Debug|Any CPU
		{BC5DED4B-2C14-4229-91E7-B987FFB27126}.Debug|Any CPU.Build.0 = Debug|Any CPU
		{BC5DED4B-2C14-4229-91E7-B987FFB27126}.Release|Any CPU.ActiveCfg = Release|Any CPU
		{BC5DED4B-2C14-4229-91E7-B987FFB27126}.Release|Any CPU.Build.0 = Release|Any CPU
		{8D767113-E11D-480D-B469-D2781D1839B6}.Debug|Any CPU.ActiveCfg = Debug|Any CPU
		{8D767113-E11D-480D-B469-D2781D1839B6}.Debug|Any CPU.Build.0 = Debug|Any CPU
		{8D767113-E11D-480D-B469-D2781D1839B6}.Release|Any CPU.ActiveCfg = Release|Any CPU
		{8D767113-E11D-480D-B469-D2781D1839B6}.Release|Any CPU.Build.0 = Release|Any CPU
	EndGlobalSection
	GlobalSection(SolutionProperties) = preSolution
		HideSolutionNode = FALSE
	EndGlobalSection
EndGlobal
